// !$*UTF8*$!
{
	archiveVersion = 1;
	classes = {
	};
	objectVersion = 55;
	objects = {

/* Begin PBXBuildFile section */
		11F13F69401ADE84668AB446 /* Pods_swift_drawingapp.framework in Frameworks */ = {isa = PBXBuildFile; fileRef = F4DF94540CD115662816B8EF /* Pods_swift_drawingapp.framework */; };
		2C85E995B487BCB66299E659 /* Pods_swift_drawingapp_swift_drawingappUITests.framework in Frameworks */ = {isa = PBXBuildFile; fileRef = 05C570370BDE19CA768273F2 /* Pods_swift_drawingapp_swift_drawingappUITests.framework */; };
		83A846E128725EFA00C777B1 /* AppDelegate.swift in Sources */ = {isa = PBXBuildFile; fileRef = 83A846E028725EFA00C777B1 /* AppDelegate.swift */; };
		83A846E328725EFA00C777B1 /* SceneDelegate.swift in Sources */ = {isa = PBXBuildFile; fileRef = 83A846E228725EFA00C777B1 /* SceneDelegate.swift */; };
		83A846E528725EFA00C777B1 /* ViewController.swift in Sources */ = {isa = PBXBuildFile; fileRef = 83A846E428725EFA00C777B1 /* ViewController.swift */; };
		83A846E828725EFA00C777B1 /* Main.storyboard in Resources */ = {isa = PBXBuildFile; fileRef = 83A846E628725EFA00C777B1 /* Main.storyboard */; };
		83A846EA28725EFE00C777B1 /* Assets.xcassets in Resources */ = {isa = PBXBuildFile; fileRef = 83A846E928725EFE00C777B1 /* Assets.xcassets */; };
		83A846ED28725EFE00C777B1 /* LaunchScreen.storyboard in Resources */ = {isa = PBXBuildFile; fileRef = 83A846EB28725EFE00C777B1 /* LaunchScreen.storyboard */; };
		83A846F828725EFF00C777B1 /* swift_drawingappTests.swift in Sources */ = {isa = PBXBuildFile; fileRef = 83A846F728725EFF00C777B1 /* swift_drawingappTests.swift */; };
		83A8470228725EFF00C777B1 /* swift_drawingappUITests.swift in Sources */ = {isa = PBXBuildFile; fileRef = 83A8470128725EFF00C777B1 /* swift_drawingappUITests.swift */; };
		83A8470428725EFF00C777B1 /* swift_drawingappUITestsLaunchTests.swift in Sources */ = {isa = PBXBuildFile; fileRef = 83A8470328725EFF00C777B1 /* swift_drawingappUITestsLaunchTests.swift */; };
		C2137A95287DB96800EB32F8 /* Logic.swift in Sources */ = {isa = PBXBuildFile; fileRef = C2137A94287DB96800EB32F8 /* Logic.swift */; };
		C25E12C22872D46D009A4564 /* Figure.swift in Sources */ = {isa = PBXBuildFile; fileRef = C25E12C12872D46D009A4564 /* Figure.swift */; };
		C25E12C62872D559009A4564 /* RectView.swift in Sources */ = {isa = PBXBuildFile; fileRef = C25E12C52872D559009A4564 /* RectView.swift */; };
		C25E12C92872D6AB009A4564 /* DrawingViewModel.swift in Sources */ = {isa = PBXBuildFile; fileRef = C25E12C82872D6AB009A4564 /* DrawingViewModel.swift */; };
		C25E12CB2872D868009A4564 /* Point.swift in Sources */ = {isa = PBXBuildFile; fileRef = C25E12CA2872D867009A4564 /* Point.swift */; };
		C25E12CE2872D9AE009A4564 /* NetworkManager.swift in Sources */ = {isa = PBXBuildFile; fileRef = C25E12CD2872D9AE009A4564 /* NetworkManager.swift */; };
		C25E12D32872F390009A4564 /* UIView+Extension.swift in Sources */ = {isa = PBXBuildFile; fileRef = C25E12D22872F390009A4564 /* UIView+Extension.swift */; };
		C25E12DA287C10FA009A4564 /* SelectFigureUseCase.swift in Sources */ = {isa = PBXBuildFile; fileRef = C25E12D9287C10FA009A4564 /* SelectFigureUseCase.swift */; };
		C25E12DE287C19B4009A4564 /* PresenterPort.swift in Sources */ = {isa = PBXBuildFile; fileRef = C25E12DD287C19B4009A4564 /* PresenterPort.swift */; };
		C25E12E0287C2D06009A4564 /* CreateFigureUseCase.swift in Sources */ = {isa = PBXBuildFile; fileRef = C25E12DF287C2D06009A4564 /* CreateFigureUseCase.swift */; };
		E195847F6EC6CFBB8E203EC8 /* Pods_swift_drawingappTests.framework in Frameworks */ = {isa = PBXBuildFile; fileRef = 74AA93EBCAE399BF7442B4C7 /* Pods_swift_drawingappTests.framework */; };
/* End PBXBuildFile section */

/* Begin PBXContainerItemProxy section */
		83A846F428725EFF00C777B1 /* PBXContainerItemProxy */ = {
			isa = PBXContainerItemProxy;
			containerPortal = 83A846D528725EF900C777B1 /* Project object */;
			proxyType = 1;
			remoteGlobalIDString = 83A846DC28725EFA00C777B1;
			remoteInfo = "swift-drawingapp";
		};
		83A846FE28725EFF00C777B1 /* PBXContainerItemProxy */ = {
			isa = PBXContainerItemProxy;
			containerPortal = 83A846D528725EF900C777B1 /* Project object */;
			proxyType = 1;
			remoteGlobalIDString = 83A846DC28725EFA00C777B1;
			remoteInfo = "swift-drawingapp";
		};
/* End PBXContainerItemProxy section */

/* Begin PBXFileReference section */
		05C570370BDE19CA768273F2 /* Pods_swift_drawingapp_swift_drawingappUITests.framework */ = {isa = PBXFileReference; explicitFileType = wrapper.framework; includeInIndex = 0; path = Pods_swift_drawingapp_swift_drawingappUITests.framework; sourceTree = BUILT_PRODUCTS_DIR; };
		12B1A54243C7C87282C8D119 /* Pods-swift-drawingappTests.release.xcconfig */ = {isa = PBXFileReference; includeInIndex = 1; lastKnownFileType = text.xcconfig; name = "Pods-swift-drawingappTests.release.xcconfig"; path = "Target Support Files/Pods-swift-drawingappTests/Pods-swift-drawingappTests.release.xcconfig"; sourceTree = "<group>"; };
		1A4C9A14F1A115747187C620 /* Pods-swift-drawingapp.release.xcconfig */ = {isa = PBXFileReference; includeInIndex = 1; lastKnownFileType = text.xcconfig; name = "Pods-swift-drawingapp.release.xcconfig"; path = "Target Support Files/Pods-swift-drawingapp/Pods-swift-drawingapp.release.xcconfig"; sourceTree = "<group>"; };
		1A57D235B36EC51CA6ACC1A9 /* Pods-swift-drawingapp-swift-drawingappUITests.debug.xcconfig */ = {isa = PBXFileReference; includeInIndex = 1; lastKnownFileType = text.xcconfig; name = "Pods-swift-drawingapp-swift-drawingappUITests.debug.xcconfig"; path = "Target Support Files/Pods-swift-drawingapp-swift-drawingappUITests/Pods-swift-drawingapp-swift-drawingappUITests.debug.xcconfig"; sourceTree = "<group>"; };
		3AC34EF1A72D12108E3E533C /* Pods-swift-drawingapp.debug.xcconfig */ = {isa = PBXFileReference; includeInIndex = 1; lastKnownFileType = text.xcconfig; name = "Pods-swift-drawingapp.debug.xcconfig"; path = "Target Support Files/Pods-swift-drawingapp/Pods-swift-drawingapp.debug.xcconfig"; sourceTree = "<group>"; };
		74AA93EBCAE399BF7442B4C7 /* Pods_swift_drawingappTests.framework */ = {isa = PBXFileReference; explicitFileType = wrapper.framework; includeInIndex = 0; path = Pods_swift_drawingappTests.framework; sourceTree = BUILT_PRODUCTS_DIR; };
		79202E6953C7BEAC3B94CC9B /* Pods-swift-drawingapp-swift-drawingappUITests.release.xcconfig */ = {isa = PBXFileReference; includeInIndex = 1; lastKnownFileType = text.xcconfig; name = "Pods-swift-drawingapp-swift-drawingappUITests.release.xcconfig"; path = "Target Support Files/Pods-swift-drawingapp-swift-drawingappUITests/Pods-swift-drawingapp-swift-drawingappUITests.release.xcconfig"; sourceTree = "<group>"; };
		83A846DD28725EFA00C777B1 /* swift-drawingapp.app */ = {isa = PBXFileReference; explicitFileType = wrapper.application; includeInIndex = 0; path = "swift-drawingapp.app"; sourceTree = BUILT_PRODUCTS_DIR; };
		83A846E028725EFA00C777B1 /* AppDelegate.swift */ = {isa = PBXFileReference; lastKnownFileType = sourcecode.swift; path = AppDelegate.swift; sourceTree = "<group>"; };
		83A846E228725EFA00C777B1 /* SceneDelegate.swift */ = {isa = PBXFileReference; lastKnownFileType = sourcecode.swift; path = SceneDelegate.swift; sourceTree = "<group>"; };
		83A846E428725EFA00C777B1 /* ViewController.swift */ = {isa = PBXFileReference; lastKnownFileType = sourcecode.swift; path = ViewController.swift; sourceTree = "<group>"; };
		83A846E728725EFA00C777B1 /* Base */ = {isa = PBXFileReference; lastKnownFileType = file.storyboard; name = Base; path = Base.lproj/Main.storyboard; sourceTree = "<group>"; };
		83A846E928725EFE00C777B1 /* Assets.xcassets */ = {isa = PBXFileReference; lastKnownFileType = folder.assetcatalog; path = Assets.xcassets; sourceTree = "<group>"; };
		83A846EC28725EFE00C777B1 /* Base */ = {isa = PBXFileReference; lastKnownFileType = file.storyboard; name = Base; path = Base.lproj/LaunchScreen.storyboard; sourceTree = "<group>"; };
		83A846EE28725EFE00C777B1 /* Info.plist */ = {isa = PBXFileReference; lastKnownFileType = text.plist.xml; path = Info.plist; sourceTree = "<group>"; };
		83A846F328725EFF00C777B1 /* swift-drawingappTests.xctest */ = {isa = PBXFileReference; explicitFileType = wrapper.cfbundle; includeInIndex = 0; path = "swift-drawingappTests.xctest"; sourceTree = BUILT_PRODUCTS_DIR; };
		83A846F728725EFF00C777B1 /* swift_drawingappTests.swift */ = {isa = PBXFileReference; lastKnownFileType = sourcecode.swift; path = swift_drawingappTests.swift; sourceTree = "<group>"; };
		83A846FD28725EFF00C777B1 /* swift-drawingappUITests.xctest */ = {isa = PBXFileReference; explicitFileType = wrapper.cfbundle; includeInIndex = 0; path = "swift-drawingappUITests.xctest"; sourceTree = BUILT_PRODUCTS_DIR; };
		83A8470128725EFF00C777B1 /* swift_drawingappUITests.swift */ = {isa = PBXFileReference; lastKnownFileType = sourcecode.swift; path = swift_drawingappUITests.swift; sourceTree = "<group>"; };
		83A8470328725EFF00C777B1 /* swift_drawingappUITestsLaunchTests.swift */ = {isa = PBXFileReference; lastKnownFileType = sourcecode.swift; path = swift_drawingappUITestsLaunchTests.swift; sourceTree = "<group>"; };
		AE035A490C5E65734C201298 /* Pods-swift-drawingappTests.debug.xcconfig */ = {isa = PBXFileReference; includeInIndex = 1; lastKnownFileType = text.xcconfig; name = "Pods-swift-drawingappTests.debug.xcconfig"; path = "Target Support Files/Pods-swift-drawingappTests/Pods-swift-drawingappTests.debug.xcconfig"; sourceTree = "<group>"; };
		C2137A94287DB96800EB32F8 /* Logic.swift */ = {isa = PBXFileReference; lastKnownFileType = sourcecode.swift; path = Logic.swift; sourceTree = "<group>"; };
		C25E12C12872D46D009A4564 /* Figure.swift */ = {isa = PBXFileReference; lastKnownFileType = sourcecode.swift; path = Figure.swift; sourceTree = "<group>"; };
		C25E12C52872D559009A4564 /* RectView.swift */ = {isa = PBXFileReference; lastKnownFileType = sourcecode.swift; path = RectView.swift; sourceTree = "<group>"; };
		C25E12C82872D6AB009A4564 /* DrawingViewModel.swift */ = {isa = PBXFileReference; lastKnownFileType = sourcecode.swift; path = DrawingViewModel.swift; sourceTree = "<group>"; };
		C25E12CA2872D867009A4564 /* Point.swift */ = {isa = PBXFileReference; lastKnownFileType = sourcecode.swift; path = Point.swift; sourceTree = "<group>"; };
		C25E12CD2872D9AE009A4564 /* NetworkManager.swift */ = {isa = PBXFileReference; lastKnownFileType = sourcecode.swift; path = NetworkManager.swift; sourceTree = "<group>"; };
		C25E12D22872F390009A4564 /* UIView+Extension.swift */ = {isa = PBXFileReference; lastKnownFileType = sourcecode.swift; path = "UIView+Extension.swift"; sourceTree = "<group>"; };
		C25E12D9287C10FA009A4564 /* SelectFigureUseCase.swift */ = {isa = PBXFileReference; lastKnownFileType = sourcecode.swift; path = SelectFigureUseCase.swift; sourceTree = "<group>"; };
		C25E12DD287C19B4009A4564 /* PresenterPort.swift */ = {isa = PBXFileReference; lastKnownFileType = sourcecode.swift; path = PresenterPort.swift; sourceTree = "<group>"; };
		C25E12DF287C2D06009A4564 /* CreateFigureUseCase.swift */ = {isa = PBXFileReference; lastKnownFileType = sourcecode.swift; path = CreateFigureUseCase.swift; sourceTree = "<group>"; };
		F4DF94540CD115662816B8EF /* Pods_swift_drawingapp.framework */ = {isa = PBXFileReference; explicitFileType = wrapper.framework; includeInIndex = 0; path = Pods_swift_drawingapp.framework; sourceTree = BUILT_PRODUCTS_DIR; };
/* End PBXFileReference section */

/* Begin PBXFrameworksBuildPhase section */
		83A846DA28725EFA00C777B1 /* Frameworks */ = {
			isa = PBXFrameworksBuildPhase;
			buildActionMask = 2147483647;
			files = (
				11F13F69401ADE84668AB446 /* Pods_swift_drawingapp.framework in Frameworks */,
			);
			runOnlyForDeploymentPostprocessing = 0;
		};
		83A846F028725EFF00C777B1 /* Frameworks */ = {
			isa = PBXFrameworksBuildPhase;
			buildActionMask = 2147483647;
			files = (
				E195847F6EC6CFBB8E203EC8 /* Pods_swift_drawingappTests.framework in Frameworks */,
			);
			runOnlyForDeploymentPostprocessing = 0;
		};
		83A846FA28725EFF00C777B1 /* Frameworks */ = {
			isa = PBXFrameworksBuildPhase;
			buildActionMask = 2147483647;
			files = (
				2C85E995B487BCB66299E659 /* Pods_swift_drawingapp_swift_drawingappUITests.framework in Frameworks */,
			);
			runOnlyForDeploymentPostprocessing = 0;
		};
/* End PBXFrameworksBuildPhase section */

/* Begin PBXGroup section */
		0B0F48021BE6DFD20F4C3AD4 /* Pods */ = {
			isa = PBXGroup;
			children = (
				3AC34EF1A72D12108E3E533C /* Pods-swift-drawingapp.debug.xcconfig */,
				1A4C9A14F1A115747187C620 /* Pods-swift-drawingapp.release.xcconfig */,
				1A57D235B36EC51CA6ACC1A9 /* Pods-swift-drawingapp-swift-drawingappUITests.debug.xcconfig */,
				79202E6953C7BEAC3B94CC9B /* Pods-swift-drawingapp-swift-drawingappUITests.release.xcconfig */,
				AE035A490C5E65734C201298 /* Pods-swift-drawingappTests.debug.xcconfig */,
				12B1A54243C7C87282C8D119 /* Pods-swift-drawingappTests.release.xcconfig */,
			);
			path = Pods;
			sourceTree = "<group>";
		};
		7F175CB9A6C30FF1EC29B69D /* Frameworks */ = {
			isa = PBXGroup;
			children = (
				F4DF94540CD115662816B8EF /* Pods_swift_drawingapp.framework */,
				05C570370BDE19CA768273F2 /* Pods_swift_drawingapp_swift_drawingappUITests.framework */,
				74AA93EBCAE399BF7442B4C7 /* Pods_swift_drawingappTests.framework */,
			);
			name = Frameworks;
			sourceTree = "<group>";
		};
		83A846D428725EF900C777B1 = {
			isa = PBXGroup;
			children = (
				83A846DF28725EFA00C777B1 /* swift-drawingapp */,
				83A846F628725EFF00C777B1 /* swift-drawingappTests */,
				83A8470028725EFF00C777B1 /* swift-drawingappUITests */,
				83A846DE28725EFA00C777B1 /* Products */,
				0B0F48021BE6DFD20F4C3AD4 /* Pods */,
				7F175CB9A6C30FF1EC29B69D /* Frameworks */,
			);
			sourceTree = "<group>";
		};
		83A846DE28725EFA00C777B1 /* Products */ = {
			isa = PBXGroup;
			children = (
				83A846DD28725EFA00C777B1 /* swift-drawingapp.app */,
				83A846F328725EFF00C777B1 /* swift-drawingappTests.xctest */,
				83A846FD28725EFF00C777B1 /* swift-drawingappUITests.xctest */,
			);
			name = Products;
			sourceTree = "<group>";
		};
		83A846DF28725EFA00C777B1 /* swift-drawingapp */ = {
			isa = PBXGroup;
			children = (
				C2137A93287DB95500EB32F8 /* Logic */,
				C25E12D8287C0DCA009A4564 /* UseCase */,
				C25E12D12872F384009A4564 /* Common */,
				C25E12CC2872D999009A4564 /* Network */,
				C25E12C02872D433009A4564 /* ViewModel */,
				C25E12BF2872D428009A4564 /* View */,
				C25E12BE2872D423009A4564 /* Model */,
				83A846E028725EFA00C777B1 /* AppDelegate.swift */,
				83A846E228725EFA00C777B1 /* SceneDelegate.swift */,
				83A846E628725EFA00C777B1 /* Main.storyboard */,
				83A846E928725EFE00C777B1 /* Assets.xcassets */,
				83A846EB28725EFE00C777B1 /* LaunchScreen.storyboard */,
				83A846EE28725EFE00C777B1 /* Info.plist */,
			);
			path = "swift-drawingapp";
			sourceTree = "<group>";
		};
		83A846F628725EFF00C777B1 /* swift-drawingappTests */ = {
			isa = PBXGroup;
			children = (
				83A846F728725EFF00C777B1 /* swift_drawingappTests.swift */,
			);
			path = "swift-drawingappTests";
			sourceTree = "<group>";
		};
		83A8470028725EFF00C777B1 /* swift-drawingappUITests */ = {
			isa = PBXGroup;
			children = (
				83A8470128725EFF00C777B1 /* swift_drawingappUITests.swift */,
				83A8470328725EFF00C777B1 /* swift_drawingappUITestsLaunchTests.swift */,
			);
			path = "swift-drawingappUITests";
			sourceTree = "<group>";
		};
		C2137A93287DB95500EB32F8 /* Logic */ = {
			isa = PBXGroup;
			children = (
				C2137A94287DB96800EB32F8 /* Logic.swift */,
			);
			path = Logic;
			sourceTree = "<group>";
		};
		C25E12BE2872D423009A4564 /* Model */ = {
			isa = PBXGroup;
			children = (
				C25E12C12872D46D009A4564 /* Figure.swift */,
				C25E12CA2872D867009A4564 /* Point.swift */,
			);
			path = Model;
			sourceTree = "<group>";
		};
		C25E12BF2872D428009A4564 /* View */ = {
			isa = PBXGroup;
			children = (
				83A846E428725EFA00C777B1 /* ViewController.swift */,
				C25E12C52872D559009A4564 /* RectView.swift */,
			);
			path = View;
			sourceTree = "<group>";
		};
		C25E12C02872D433009A4564 /* ViewModel */ = {
			isa = PBXGroup;
			children = (
				C25E12C82872D6AB009A4564 /* DrawingViewModel.swift */,
			);
			path = ViewModel;
			sourceTree = "<group>";
		};
		C25E12CC2872D999009A4564 /* Network */ = {
			isa = PBXGroup;
			children = (
				C25E12CD2872D9AE009A4564 /* NetworkManager.swift */,
			);
			path = Network;
			sourceTree = "<group>";
		};
		C25E12D12872F384009A4564 /* Common */ = {
			isa = PBXGroup;
			children = (
				C25E12D22872F390009A4564 /* UIView+Extension.swift */,
			);
			path = Common;
			sourceTree = "<group>";
		};
		C25E12D8287C0DCA009A4564 /* UseCase */ = {
			isa = PBXGroup;
			children = (
				C25E12DF287C2D06009A4564 /* CreateFigureUseCase.swift */,
				C25E12D9287C10FA009A4564 /* SelectFigureUseCase.swift */,
				C25E12DD287C19B4009A4564 /* PresenterPort.swift */,
			);
			path = UseCase;
			sourceTree = "<group>";
		};
/* End PBXGroup section */

/* Begin PBXNativeTarget section */
		83A846DC28725EFA00C777B1 /* swift-drawingapp */ = {
			isa = PBXNativeTarget;
			buildConfigurationList = 83A8470728725EFF00C777B1 /* Build configuration list for PBXNativeTarget "swift-drawingapp" */;
			buildPhases = (
				5E981A386C751BEBCABFB305 /* [CP] Check Pods Manifest.lock */,
				83A846D928725EFA00C777B1 /* Sources */,
				83A846DA28725EFA00C777B1 /* Frameworks */,
				83A846DB28725EFA00C777B1 /* Resources */,
				693FD756E8CF4B13E38FFF5C /* [CP] Embed Pods Frameworks */,
			);
			buildRules = (
			);
			dependencies = (
			);
			name = "swift-drawingapp";
			productName = "swift-drawingapp";
			productReference = 83A846DD28725EFA00C777B1 /* swift-drawingapp.app */;
			productType = "com.apple.product-type.application";
		};
		83A846F228725EFF00C777B1 /* swift-drawingappTests */ = {
			isa = PBXNativeTarget;
			buildConfigurationList = 83A8470A28725EFF00C777B1 /* Build configuration list for PBXNativeTarget "swift-drawingappTests" */;
			buildPhases = (
				4606494B6500EF7FD94E8F84 /* [CP] Check Pods Manifest.lock */,
				83A846EF28725EFF00C777B1 /* Sources */,
				83A846F028725EFF00C777B1 /* Frameworks */,
				83A846F128725EFF00C777B1 /* Resources */,
			);
			buildRules = (
			);
			dependencies = (
				83A846F528725EFF00C777B1 /* PBXTargetDependency */,
			);
			name = "swift-drawingappTests";
			productName = "swift-drawingappTests";
			productReference = 83A846F328725EFF00C777B1 /* swift-drawingappTests.xctest */;
			productType = "com.apple.product-type.bundle.unit-test";
		};
		83A846FC28725EFF00C777B1 /* swift-drawingappUITests */ = {
			isa = PBXNativeTarget;
			buildConfigurationList = 83A8470D28725EFF00C777B1 /* Build configuration list for PBXNativeTarget "swift-drawingappUITests" */;
			buildPhases = (
				E6FC4F0C7DB189CFBC7D179A /* [CP] Check Pods Manifest.lock */,
				83A846F928725EFF00C777B1 /* Sources */,
				83A846FA28725EFF00C777B1 /* Frameworks */,
				83A846FB28725EFF00C777B1 /* Resources */,
				3555D9760B491554CE3A1C52 /* [CP] Embed Pods Frameworks */,
			);
			buildRules = (
			);
			dependencies = (
				83A846FF28725EFF00C777B1 /* PBXTargetDependency */,
			);
			name = "swift-drawingappUITests";
			productName = "swift-drawingappUITests";
			productReference = 83A846FD28725EFF00C777B1 /* swift-drawingappUITests.xctest */;
			productType = "com.apple.product-type.bundle.ui-testing";
		};
/* End PBXNativeTarget section */

/* Begin PBXProject section */
		83A846D528725EF900C777B1 /* Project object */ = {
			isa = PBXProject;
			attributes = {
				BuildIndependentTargetsInParallel = 1;
				LastSwiftUpdateCheck = 1340;
				LastUpgradeCheck = 1340;
				TargetAttributes = {
					83A846DC28725EFA00C777B1 = {
						CreatedOnToolsVersion = 13.4.1;
					};
					83A846F228725EFF00C777B1 = {
						CreatedOnToolsVersion = 13.4.1;
						TestTargetID = 83A846DC28725EFA00C777B1;
					};
					83A846FC28725EFF00C777B1 = {
						CreatedOnToolsVersion = 13.4.1;
						TestTargetID = 83A846DC28725EFA00C777B1;
					};
				};
			};
			buildConfigurationList = 83A846D828725EF900C777B1 /* Build configuration list for PBXProject "swift-drawingapp" */;
			compatibilityVersion = "Xcode 13.0";
			developmentRegion = en;
			hasScannedForEncodings = 0;
			knownRegions = (
				en,
				Base,
			);
			mainGroup = 83A846D428725EF900C777B1;
			productRefGroup = 83A846DE28725EFA00C777B1 /* Products */;
			projectDirPath = "";
			projectRoot = "";
			targets = (
				83A846DC28725EFA00C777B1 /* swift-drawingapp */,
				83A846F228725EFF00C777B1 /* swift-drawingappTests */,
				83A846FC28725EFF00C777B1 /* swift-drawingappUITests */,
			);
		};
/* End PBXProject section */

/* Begin PBXResourcesBuildPhase section */
		83A846DB28725EFA00C777B1 /* Resources */ = {
			isa = PBXResourcesBuildPhase;
			buildActionMask = 2147483647;
			files = (
				83A846ED28725EFE00C777B1 /* LaunchScreen.storyboard in Resources */,
				83A846EA28725EFE00C777B1 /* Assets.xcassets in Resources */,
				83A846E828725EFA00C777B1 /* Main.storyboard in Resources */,
			);
			runOnlyForDeploymentPostprocessing = 0;
		};
		83A846F128725EFF00C777B1 /* Resources */ = {
			isa = PBXResourcesBuildPhase;
			buildActionMask = 2147483647;
			files = (
			);
			runOnlyForDeploymentPostprocessing = 0;
		};
		83A846FB28725EFF00C777B1 /* Resources */ = {
			isa = PBXResourcesBuildPhase;
			buildActionMask = 2147483647;
			files = (
			);
			runOnlyForDeploymentPostprocessing = 0;
		};
/* End PBXResourcesBuildPhase section */

/* Begin PBXShellScriptBuildPhase section */
		3555D9760B491554CE3A1C52 /* [CP] Embed Pods Frameworks */ = {
			isa = PBXShellScriptBuildPhase;
			buildActionMask = 2147483647;
			files = (
			);
			inputFileListPaths = (
				"${PODS_ROOT}/Target Support Files/Pods-swift-drawingapp-swift-drawingappUITests/Pods-swift-drawingapp-swift-drawingappUITests-frameworks-${CONFIGURATION}-input-files.xcfilelist",
			);
			name = "[CP] Embed Pods Frameworks";
			outputFileListPaths = (
				"${PODS_ROOT}/Target Support Files/Pods-swift-drawingapp-swift-drawingappUITests/Pods-swift-drawingapp-swift-drawingappUITests-frameworks-${CONFIGURATION}-output-files.xcfilelist",
			);
			runOnlyForDeploymentPostprocessing = 0;
			shellPath = /bin/sh;
			shellScript = "\"${PODS_ROOT}/Target Support Files/Pods-swift-drawingapp-swift-drawingappUITests/Pods-swift-drawingapp-swift-drawingappUITests-frameworks.sh\"\n";
			showEnvVarsInLog = 0;
		};
		4606494B6500EF7FD94E8F84 /* [CP] Check Pods Manifest.lock */ = {
			isa = PBXShellScriptBuildPhase;
			buildActionMask = 2147483647;
			files = (
			);
			inputFileListPaths = (
			);
			inputPaths = (
				"${PODS_PODFILE_DIR_PATH}/Podfile.lock",
				"${PODS_ROOT}/Manifest.lock",
			);
			name = "[CP] Check Pods Manifest.lock";
			outputFileListPaths = (
			);
			outputPaths = (
				"$(DERIVED_FILE_DIR)/Pods-swift-drawingappTests-checkManifestLockResult.txt",
			);
			runOnlyForDeploymentPostprocessing = 0;
			shellPath = /bin/sh;
			shellScript = "diff \"${PODS_PODFILE_DIR_PATH}/Podfile.lock\" \"${PODS_ROOT}/Manifest.lock\" > /dev/null\nif [ $? != 0 ] ; then\n    # print error to STDERR\n    echo \"error: The sandbox is not in sync with the Podfile.lock. Run 'pod install' or update your CocoaPods installation.\" >&2\n    exit 1\nfi\n# This output is used by Xcode 'outputs' to avoid re-running this script phase.\necho \"SUCCESS\" > \"${SCRIPT_OUTPUT_FILE_0}\"\n";
			showEnvVarsInLog = 0;
		};
		5E981A386C751BEBCABFB305 /* [CP] Check Pods Manifest.lock */ = {
			isa = PBXShellScriptBuildPhase;
			buildActionMask = 2147483647;
			files = (
			);
			inputFileListPaths = (
			);
			inputPaths = (
				"${PODS_PODFILE_DIR_PATH}/Podfile.lock",
				"${PODS_ROOT}/Manifest.lock",
			);
			name = "[CP] Check Pods Manifest.lock";
			outputFileListPaths = (
			);
			outputPaths = (
				"$(DERIVED_FILE_DIR)/Pods-swift-drawingapp-checkManifestLockResult.txt",
			);
			runOnlyForDeploymentPostprocessing = 0;
			shellPath = /bin/sh;
			shellScript = "diff \"${PODS_PODFILE_DIR_PATH}/Podfile.lock\" \"${PODS_ROOT}/Manifest.lock\" > /dev/null\nif [ $? != 0 ] ; then\n    # print error to STDERR\n    echo \"error: The sandbox is not in sync with the Podfile.lock. Run 'pod install' or update your CocoaPods installation.\" >&2\n    exit 1\nfi\n# This output is used by Xcode 'outputs' to avoid re-running this script phase.\necho \"SUCCESS\" > \"${SCRIPT_OUTPUT_FILE_0}\"\n";
			showEnvVarsInLog = 0;
		};
		693FD756E8CF4B13E38FFF5C /* [CP] Embed Pods Frameworks */ = {
			isa = PBXShellScriptBuildPhase;
			buildActionMask = 2147483647;
			files = (
			);
			inputFileListPaths = (
				"${PODS_ROOT}/Target Support Files/Pods-swift-drawingapp/Pods-swift-drawingapp-frameworks-${CONFIGURATION}-input-files.xcfilelist",
			);
			name = "[CP] Embed Pods Frameworks";
			outputFileListPaths = (
				"${PODS_ROOT}/Target Support Files/Pods-swift-drawingapp/Pods-swift-drawingapp-frameworks-${CONFIGURATION}-output-files.xcfilelist",
			);
			runOnlyForDeploymentPostprocessing = 0;
			shellPath = /bin/sh;
			shellScript = "\"${PODS_ROOT}/Target Support Files/Pods-swift-drawingapp/Pods-swift-drawingapp-frameworks.sh\"\n";
			showEnvVarsInLog = 0;
		};
		E6FC4F0C7DB189CFBC7D179A /* [CP] Check Pods Manifest.lock */ = {
			isa = PBXShellScriptBuildPhase;
			buildActionMask = 2147483647;
			files = (
			);
			inputFileListPaths = (
			);
			inputPaths = (
				"${PODS_PODFILE_DIR_PATH}/Podfile.lock",
				"${PODS_ROOT}/Manifest.lock",
			);
			name = "[CP] Check Pods Manifest.lock";
			outputFileListPaths = (
			);
			outputPaths = (
				"$(DERIVED_FILE_DIR)/Pods-swift-drawingapp-swift-drawingappUITests-checkManifestLockResult.txt",
			);
			runOnlyForDeploymentPostprocessing = 0;
			shellPath = /bin/sh;
			shellScript = "diff \"${PODS_PODFILE_DIR_PATH}/Podfile.lock\" \"${PODS_ROOT}/Manifest.lock\" > /dev/null\nif [ $? != 0 ] ; then\n    # print error to STDERR\n    echo \"error: The sandbox is not in sync with the Podfile.lock. Run 'pod install' or update your CocoaPods installation.\" >&2\n    exit 1\nfi\n# This output is used by Xcode 'outputs' to avoid re-running this script phase.\necho \"SUCCESS\" > \"${SCRIPT_OUTPUT_FILE_0}\"\n";
			showEnvVarsInLog = 0;
		};
/* End PBXShellScriptBuildPhase section */

/* Begin PBXSourcesBuildPhase section */
		83A846D928725EFA00C777B1 /* Sources */ = {
			isa = PBXSourcesBuildPhase;
			buildActionMask = 2147483647;
			files = (
				83A846E528725EFA00C777B1 /* ViewController.swift in Sources */,
				83A846E128725EFA00C777B1 /* AppDelegate.swift in Sources */,
				C25E12DA287C10FA009A4564 /* SelectFigureUseCase.swift in Sources */,
				C25E12E0287C2D06009A4564 /* CreateFigureUseCase.swift in Sources */,
				C25E12C62872D559009A4564 /* RectView.swift in Sources */,
				83A846E328725EFA00C777B1 /* SceneDelegate.swift in Sources */,
				C25E12CE2872D9AE009A4564 /* NetworkManager.swift in Sources */,
				C25E12CB2872D868009A4564 /* Point.swift in Sources */,
				C2137A95287DB96800EB32F8 /* Logic.swift in Sources */,
				C25E12DE287C19B4009A4564 /* PresenterPort.swift in Sources */,
				C25E12C22872D46D009A4564 /* Figure.swift in Sources */,
				C25E12C92872D6AB009A4564 /* DrawingViewModel.swift in Sources */,
				C25E12D32872F390009A4564 /* UIView+Extension.swift in Sources */,
			);
			runOnlyForDeploymentPostprocessing = 0;
		};
		83A846EF28725EFF00C777B1 /* Sources */ = {
			isa = PBXSourcesBuildPhase;
			buildActionMask = 2147483647;
			files = (
				83A846F828725EFF00C777B1 /* swift_drawingappTests.swift in Sources */,
			);
			runOnlyForDeploymentPostprocessing = 0;
		};
		83A846F928725EFF00C777B1 /* Sources */ = {
			isa = PBXSourcesBuildPhase;
			buildActionMask = 2147483647;
			files = (
				83A8470228725EFF00C777B1 /* swift_drawingappUITests.swift in Sources */,
				83A8470428725EFF00C777B1 /* swift_drawingappUITestsLaunchTests.swift in Sources */,
			);
			runOnlyForDeploymentPostprocessing = 0;
		};
/* End PBXSourcesBuildPhase section */

/* Begin PBXTargetDependency section */
		83A846F528725EFF00C777B1 /* PBXTargetDependency */ = {
			isa = PBXTargetDependency;
			target = 83A846DC28725EFA00C777B1 /* swift-drawingapp */;
			targetProxy = 83A846F428725EFF00C777B1 /* PBXContainerItemProxy */;
		};
		83A846FF28725EFF00C777B1 /* PBXTargetDependency */ = {
			isa = PBXTargetDependency;
			target = 83A846DC28725EFA00C777B1 /* swift-drawingapp */;
			targetProxy = 83A846FE28725EFF00C777B1 /* PBXContainerItemProxy */;
		};
/* End PBXTargetDependency section */

/* Begin PBXVariantGroup section */
		83A846E628725EFA00C777B1 /* Main.storyboard */ = {
			isa = PBXVariantGroup;
			children = (
				83A846E728725EFA00C777B1 /* Base */,
			);
			name = Main.storyboard;
			sourceTree = "<group>";
		};
		83A846EB28725EFE00C777B1 /* LaunchScreen.storyboard */ = {
			isa = PBXVariantGroup;
			children = (
				83A846EC28725EFE00C777B1 /* Base */,
			);
			name = LaunchScreen.storyboard;
			sourceTree = "<group>";
		};
/* End PBXVariantGroup section */

/* Begin XCBuildConfiguration section */
		83A8470528725EFF00C777B1 /* Debug */ = {
			isa = XCBuildConfiguration;
			buildSettings = {
				ALWAYS_SEARCH_USER_PATHS = NO;
				CLANG_ANALYZER_NONNULL = YES;
				CLANG_ANALYZER_NUMBER_OBJECT_CONVERSION = YES_AGGRESSIVE;
				CLANG_CXX_LANGUAGE_STANDARD = "gnu++17";
				CLANG_ENABLE_MODULES = YES;
				CLANG_ENABLE_OBJC_ARC = YES;
				CLANG_ENABLE_OBJC_WEAK = YES;
				CLANG_WARN_BLOCK_CAPTURE_AUTORELEASING = YES;
				CLANG_WARN_BOOL_CONVERSION = YES;
				CLANG_WARN_COMMA = YES;
				CLANG_WARN_CONSTANT_CONVERSION = YES;
				CLANG_WARN_DEPRECATED_OBJC_IMPLEMENTATIONS = YES;
				CLANG_WARN_DIRECT_OBJC_ISA_USAGE = YES_ERROR;
				CLANG_WARN_DOCUMENTATION_COMMENTS = YES;
				CLANG_WARN_EMPTY_BODY = YES;
				CLANG_WARN_ENUM_CONVERSION = YES;
				CLANG_WARN_INFINITE_RECURSION = YES;
				CLANG_WARN_INT_CONVERSION = YES;
				CLANG_WARN_NON_LITERAL_NULL_CONVERSION = YES;
				CLANG_WARN_OBJC_IMPLICIT_RETAIN_SELF = YES;
				CLANG_WARN_OBJC_LITERAL_CONVERSION = YES;
				CLANG_WARN_OBJC_ROOT_CLASS = YES_ERROR;
				CLANG_WARN_QUOTED_INCLUDE_IN_FRAMEWORK_HEADER = YES;
				CLANG_WARN_RANGE_LOOP_ANALYSIS = YES;
				CLANG_WARN_STRICT_PROTOTYPES = YES;
				CLANG_WARN_SUSPICIOUS_MOVE = YES;
				CLANG_WARN_UNGUARDED_AVAILABILITY = YES_AGGRESSIVE;
				CLANG_WARN_UNREACHABLE_CODE = YES;
				CLANG_WARN__DUPLICATE_METHOD_MATCH = YES;
				COPY_PHASE_STRIP = NO;
				DEBUG_INFORMATION_FORMAT = dwarf;
				ENABLE_STRICT_OBJC_MSGSEND = YES;
				ENABLE_TESTABILITY = YES;
				GCC_C_LANGUAGE_STANDARD = gnu11;
				GCC_DYNAMIC_NO_PIC = NO;
				GCC_NO_COMMON_BLOCKS = YES;
				GCC_OPTIMIZATION_LEVEL = 0;
				GCC_PREPROCESSOR_DEFINITIONS = (
					"DEBUG=1",
					"$(inherited)",
				);
				GCC_WARN_64_TO_32_BIT_CONVERSION = YES;
				GCC_WARN_ABOUT_RETURN_TYPE = YES_ERROR;
				GCC_WARN_UNDECLARED_SELECTOR = YES;
				GCC_WARN_UNINITIALIZED_AUTOS = YES_AGGRESSIVE;
				GCC_WARN_UNUSED_FUNCTION = YES;
				GCC_WARN_UNUSED_VARIABLE = YES;
				IPHONEOS_DEPLOYMENT_TARGET = 13.0;
				MTL_ENABLE_DEBUG_INFO = INCLUDE_SOURCE;
				MTL_FAST_MATH = YES;
				ONLY_ACTIVE_ARCH = YES;
				SDKROOT = iphoneos;
				SWIFT_ACTIVE_COMPILATION_CONDITIONS = DEBUG;
				SWIFT_OPTIMIZATION_LEVEL = "-Onone";
			};
			name = Debug;
		};
		83A8470628725EFF00C777B1 /* Release */ = {
			isa = XCBuildConfiguration;
			buildSettings = {
				ALWAYS_SEARCH_USER_PATHS = NO;
				CLANG_ANALYZER_NONNULL = YES;
				CLANG_ANALYZER_NUMBER_OBJECT_CONVERSION = YES_AGGRESSIVE;
				CLANG_CXX_LANGUAGE_STANDARD = "gnu++17";
				CLANG_ENABLE_MODULES = YES;
				CLANG_ENABLE_OBJC_ARC = YES;
				CLANG_ENABLE_OBJC_WEAK = YES;
				CLANG_WARN_BLOCK_CAPTURE_AUTORELEASING = YES;
				CLANG_WARN_BOOL_CONVERSION = YES;
				CLANG_WARN_COMMA = YES;
				CLANG_WARN_CONSTANT_CONVERSION = YES;
				CLANG_WARN_DEPRECATED_OBJC_IMPLEMENTATIONS = YES;
				CLANG_WARN_DIRECT_OBJC_ISA_USAGE = YES_ERROR;
				CLANG_WARN_DOCUMENTATION_COMMENTS = YES;
				CLANG_WARN_EMPTY_BODY = YES;
				CLANG_WARN_ENUM_CONVERSION = YES;
				CLANG_WARN_INFINITE_RECURSION = YES;
				CLANG_WARN_INT_CONVERSION = YES;
				CLANG_WARN_NON_LITERAL_NULL_CONVERSION = YES;
				CLANG_WARN_OBJC_IMPLICIT_RETAIN_SELF = YES;
				CLANG_WARN_OBJC_LITERAL_CONVERSION = YES;
				CLANG_WARN_OBJC_ROOT_CLASS = YES_ERROR;
				CLANG_WARN_QUOTED_INCLUDE_IN_FRAMEWORK_HEADER = YES;
				CLANG_WARN_RANGE_LOOP_ANALYSIS = YES;
				CLANG_WARN_STRICT_PROTOTYPES = YES;
				CLANG_WARN_SUSPICIOUS_MOVE = YES;
				CLANG_WARN_UNGUARDED_AVAILABILITY = YES_AGGRESSIVE;
				CLANG_WARN_UNREACHABLE_CODE = YES;
				CLANG_WARN__DUPLICATE_METHOD_MATCH = YES;
				COPY_PHASE_STRIP = NO;
				DEBUG_INFORMATION_FORMAT = "dwarf-with-dsym";
				ENABLE_NS_ASSERTIONS = NO;
				ENABLE_STRICT_OBJC_MSGSEND = YES;
				GCC_C_LANGUAGE_STANDARD = gnu11;
				GCC_NO_COMMON_BLOCKS = YES;
				GCC_WARN_64_TO_32_BIT_CONVERSION = YES;
				GCC_WARN_ABOUT_RETURN_TYPE = YES_ERROR;
				GCC_WARN_UNDECLARED_SELECTOR = YES;
				GCC_WARN_UNINITIALIZED_AUTOS = YES_AGGRESSIVE;
				GCC_WARN_UNUSED_FUNCTION = YES;
				GCC_WARN_UNUSED_VARIABLE = YES;
				IPHONEOS_DEPLOYMENT_TARGET = 13.0;
				MTL_ENABLE_DEBUG_INFO = NO;
				MTL_FAST_MATH = YES;
				SDKROOT = iphoneos;
				SWIFT_COMPILATION_MODE = wholemodule;
				SWIFT_OPTIMIZATION_LEVEL = "-O";
				VALIDATE_PRODUCT = YES;
			};
			name = Release;
		};
		83A8470828725EFF00C777B1 /* Debug */ = {
			isa = XCBuildConfiguration;
			baseConfigurationReference = 3AC34EF1A72D12108E3E533C /* Pods-swift-drawingapp.debug.xcconfig */;
			buildSettings = {
				ASSETCATALOG_COMPILER_APPICON_NAME = AppIcon;
				ASSETCATALOG_COMPILER_GLOBAL_ACCENT_COLOR_NAME = AccentColor;
				CODE_SIGN_STYLE = Automatic;
				CURRENT_PROJECT_VERSION = 1;
				GENERATE_INFOPLIST_FILE = YES;
				INFOPLIST_FILE = "swift-drawingapp/Info.plist";
				INFOPLIST_KEY_UIApplicationSupportsIndirectInputEvents = YES;
				INFOPLIST_KEY_UILaunchStoryboardName = LaunchScreen;
				INFOPLIST_KEY_UIMainStoryboardFile = Main;
				INFOPLIST_KEY_UISupportedInterfaceOrientations_iPad = "UIInterfaceOrientationPortrait UIInterfaceOrientationPortraitUpsideDown UIInterfaceOrientationLandscapeLeft UIInterfaceOrientationLandscapeRight";
				INFOPLIST_KEY_UISupportedInterfaceOrientations_iPhone = "UIInterfaceOrientationPortrait UIInterfaceOrientationLandscapeLeft UIInterfaceOrientationLandscapeRight";
				IPHONEOS_DEPLOYMENT_TARGET = 13.0;
				LD_RUNPATH_SEARCH_PATHS = (
					"$(inherited)",
					"@executable_path/Frameworks",
				);
				MARKETING_VERSION = 1.0;
				PRODUCT_BUNDLE_IDENTIFIER = "com.kakaocorp.swift-drawingapp";
				PRODUCT_NAME = "$(TARGET_NAME)";
				SWIFT_EMIT_LOC_STRINGS = YES;
				SWIFT_VERSION = 5.0;
				TARGETED_DEVICE_FAMILY = 2;
			};
			name = Debug;
		};
		83A8470928725EFF00C777B1 /* Release */ = {
			isa = XCBuildConfiguration;
			baseConfigurationReference = 1A4C9A14F1A115747187C620 /* Pods-swift-drawingapp.release.xcconfig */;
			buildSettings = {
				ASSETCATALOG_COMPILER_APPICON_NAME = AppIcon;
				ASSETCATALOG_COMPILER_GLOBAL_ACCENT_COLOR_NAME = AccentColor;
				CODE_SIGN_STYLE = Automatic;
				CURRENT_PROJECT_VERSION = 1;
				GENERATE_INFOPLIST_FILE = YES;
				INFOPLIST_FILE = "swift-drawingapp/Info.plist";
				INFOPLIST_KEY_UIApplicationSupportsIndirectInputEvents = YES;
				INFOPLIST_KEY_UILaunchStoryboardName = LaunchScreen;
				INFOPLIST_KEY_UIMainStoryboardFile = Main;
				INFOPLIST_KEY_UISupportedInterfaceOrientations_iPad = "UIInterfaceOrientationPortrait UIInterfaceOrientationPortraitUpsideDown UIInterfaceOrientationLandscapeLeft UIInterfaceOrientationLandscapeRight";
				INFOPLIST_KEY_UISupportedInterfaceOrientations_iPhone = "UIInterfaceOrientationPortrait UIInterfaceOrientationLandscapeLeft UIInterfaceOrientationLandscapeRight";
				IPHONEOS_DEPLOYMENT_TARGET = 13.0;
				LD_RUNPATH_SEARCH_PATHS = (
					"$(inherited)",
					"@executable_path/Frameworks",
				);
				MARKETING_VERSION = 1.0;
				PRODUCT_BUNDLE_IDENTIFIER = "com.kakaocorp.swift-drawingapp";
				PRODUCT_NAME = "$(TARGET_NAME)";
				SWIFT_EMIT_LOC_STRINGS = YES;
				SWIFT_VERSION = 5.0;
				TARGETED_DEVICE_FAMILY = 2;
			};
			name = Release;
		};
		83A8470B28725EFF00C777B1 /* Debug */ = {
			isa = XCBuildConfiguration;
			baseConfigurationReference = AE035A490C5E65734C201298 /* Pods-swift-drawingappTests.debug.xcconfig */;
			buildSettings = {
				ALWAYS_EMBED_SWIFT_STANDARD_LIBRARIES = YES;
				BUNDLE_LOADER = "$(TEST_HOST)";
				CODE_SIGN_STYLE = Automatic;
				CURRENT_PROJECT_VERSION = 1;
				GENERATE_INFOPLIST_FILE = YES;
				IPHONEOS_DEPLOYMENT_TARGET = 13.0;
				MARKETING_VERSION = 1.0;
				PRODUCT_BUNDLE_IDENTIFIER = "com.kakaocorp.swift-drawingappTests";
				PRODUCT_NAME = "$(TARGET_NAME)";
				SWIFT_EMIT_LOC_STRINGS = NO;
				SWIFT_VERSION = 5.0;
				TARGETED_DEVICE_FAMILY = "1,2";
				TEST_HOST = "$(BUILT_PRODUCTS_DIR)/swift-drawingapp.app/swift-drawingapp";
			};
			name = Debug;
		};
		83A8470C28725EFF00C777B1 /* Release */ = {
			isa = XCBuildConfiguration;
			baseConfigurationReference = 12B1A54243C7C87282C8D119 /* Pods-swift-drawingappTests.release.xcconfig */;
			buildSettings = {
				ALWAYS_EMBED_SWIFT_STANDARD_LIBRARIES = YES;
				BUNDLE_LOADER = "$(TEST_HOST)";
				CODE_SIGN_STYLE = Automatic;
				CURRENT_PROJECT_VERSION = 1;
				GENERATE_INFOPLIST_FILE = YES;
				IPHONEOS_DEPLOYMENT_TARGET = 13.0;
				MARKETING_VERSION = 1.0;
				PRODUCT_BUNDLE_IDENTIFIER = "com.kakaocorp.swift-drawingappTests";
				PRODUCT_NAME = "$(TARGET_NAME)";
				SWIFT_EMIT_LOC_STRINGS = NO;
				SWIFT_VERSION = 5.0;
				TARGETED_DEVICE_FAMILY = "1,2";
				TEST_HOST = "$(BUILT_PRODUCTS_DIR)/swift-drawingapp.app/swift-drawingapp";
			};
			name = Release;
		};
		83A8470E28725EFF00C777B1 /* Debug */ = {
			isa = XCBuildConfiguration;
			baseConfigurationReference = 1A57D235B36EC51CA6ACC1A9 /* Pods-swift-drawingapp-swift-drawingappUITests.debug.xcconfig */;
			buildSettings = {
				ALWAYS_EMBED_SWIFT_STANDARD_LIBRARIES = YES;
				CODE_SIGN_STYLE = Automatic;
				CURRENT_PROJECT_VERSION = 1;
				GENERATE_INFOPLIST_FILE = YES;
				MARKETING_VERSION = 1.0;
				PRODUCT_BUNDLE_IDENTIFIER = "com.kakaocorp.swift-drawingappUITests";
				PRODUCT_NAME = "$(TARGET_NAME)";
				SWIFT_EMIT_LOC_STRINGS = NO;
				SWIFT_VERSION = 5.0;
				TARGETED_DEVICE_FAMILY = "1,2";
				TEST_TARGET_NAME = "swift-drawingapp";
			};
			name = Debug;
		};
		83A8470F28725EFF00C777B1 /* Release */ = {
			isa = XCBuildConfiguration;
			baseConfigurationReference = 79202E6953C7BEAC3B94CC9B /* Pods-swift-drawingapp-swift-drawingappUITests.release.xcconfig */;
			buildSettings = {
				ALWAYS_EMBED_SWIFT_STANDARD_LIBRARIES = YES;
				CODE_SIGN_STYLE = Automatic;
				CURRENT_PROJECT_VERSION = 1;
				GENERATE_INFOPLIST_FILE = YES;
				MARKETING_VERSION = 1.0;
				PRODUCT_BUNDLE_IDENTIFIER = "com.kakaocorp.swift-drawingappUITests";
				PRODUCT_NAME = "$(TARGET_NAME)";
				SWIFT_EMIT_LOC_STRINGS = NO;
				SWIFT_VERSION = 5.0;
				TARGETED_DEVICE_FAMILY = "1,2";
				TEST_TARGET_NAME = "swift-drawingapp";
			};
			name = Release;
		};
/* End XCBuildConfiguration section */

/* Begin XCConfigurationList section */
		83A846D828725EF900C777B1 /* Build configuration list for PBXProject "swift-drawingapp" */ = {
			isa = XCConfigurationList;
			buildConfigurations = (
				83A8470528725EFF00C777B1 /* Debug */,
				83A8470628725EFF00C777B1 /* Release */,
			);
			defaultConfigurationIsVisible = 0;
			defaultConfigurationName = Release;
		};
		83A8470728725EFF00C777B1 /* Build configuration list for PBXNativeTarget "swift-drawingapp" */ = {
			isa = XCConfigurationList;
			buildConfigurations = (
				83A8470828725EFF00C777B1 /* Debug */,
				83A8470928725EFF00C777B1 /* Release */,
			);
			defaultConfigurationIsVisible = 0;
			defaultConfigurationName = Release;
		};
		83A8470A28725EFF00C777B1 /* Build configuration list for PBXNativeTarget "swift-drawingappTests" */ = {
			isa = XCConfigurationList;
			buildConfigurations = (
				83A8470B28725EFF00C777B1 /* Debug */,
				83A8470C28725EFF00C777B1 /* Release */,
			);
			defaultConfigurationIsVisible = 0;
			defaultConfigurationName = Release;
		};
		83A8470D28725EFF00C777B1 /* Build configuration list for PBXNativeTarget "swift-drawingappUITests" */ = {
			isa = XCConfigurationList;
			buildConfigurations = (
				83A8470E28725EFF00C777B1 /* Debug */,
				83A8470F28725EFF00C777B1 /* Release */,
			);
			defaultConfigurationIsVisible = 0;
			defaultConfigurationName = Release;
		};
/* End XCConfigurationList section */
	};
	rootObject = 83A846D528725EF900C777B1 /* Project object */;
}
